
Microsoft Visual Studio Solution File, Format Version 12.00
# Visual Studio Version 17
VisualStudioVersion = 17.14.36429.23
MinimumVisualStudioVersion = 10.0.40219.1
Project("{FAE04EC0-301F-11D3-BF4B-00C04F79EFBC}") = "MoviesMAUI", "FitnessMAUI\MoviesMAUI.csproj", "{1C287646-77DD-465F-AF81-612F5EA3BEAD}"
EndProject
Project("{FAE04EC0-301F-11D3-BF4B-00C04F79EFBC}") = "MoviesAPI", "MoviesAPI\MoviesAPI.csproj", "{2FDD02A9-64CA-4AA8-9928-413C35BC0311}"
EndProject
Global
	GlobalSection(SolutionConfigurationPlatforms) = preSolution
		Debug|Any CPU = Debug|Any CPU
		Release|Any CPU = Release|Any CPU
	EndGlobalSection
	GlobalSection(ProjectConfigurationPlatforms) = postSolution
		{1C287646-77DD-465F-AF81-612F5EA3BEAD}.Debug|Any CPU.ActiveCfg = Debug|Any CPU
		{1C287646-77DD-465F-AF81-612F5EA3BEAD}.Debug|Any CPU.Build.0 = Debug|Any CPU
		{1C287646-77DD-465F-AF81-612F5EA3BEAD}.Debug|Any CPU.Deploy.0 = Debug|Any CPU
		{1C287646-77DD-465F-AF81-612F5EA3BEAD}.Release|Any CPU.ActiveCfg = Release|Any CPU
		{1C287646-77DD-465F-AF81-612F5EA3BEAD}.Release|Any CPU.Build.0 = Release|Any CPU
		{2FDD02A9-64CA-4AA8-9928-413C35BC0311}.Debug|Any CPU.ActiveCfg = Debug|Any CPU
		{2FDD02A9-64CA-4AA8-9928-413C35BC0311}.Debug|Any CPU.Build.0 = Debug|Any CPU
		{2FDD02A9-64CA-4AA8-9928-413C35BC0311}.Release|Any CPU.ActiveCfg = Release|Any CPU
		{2FDD02A9-64CA-4AA8-9928-413C35BC0311}.Release|Any CPU.Build.0 = Release|Any CPU
	EndGlobalSection
	GlobalSection(SolutionProperties) = preSolution
		HideSolutionNode = FALSE
	EndGlobalSection
	GlobalSection(ExtensibilityGlobals) = postSolution
		SolutionGuid = {AA764798-08CD-4BCD-98C6-CC38E384731D}
	EndGlobalSection
EndGlobal
